
Microsoft Visual Studio Solution File, Format Version 12.00
# Visual Studio 15
VisualStudioVersion = 15.0.27703.2042
MinimumVisualStudioVersion = 10.0.40219.1
Project("{FAE04EC0-301F-11D3-BF4B-00C04F79EFBC}") = "RealmApp", "RealmApp\RealmApp\RealmApp.csproj", "{4897FAAB-BD70-477A-AE3D-2B5F11329B46}"
EndProject
Project("{FAE04EC0-301F-11D3-BF4B-00C04F79EFBC}") = "RealmApp.Android", "RealmApp\RealmApp.Android\RealmApp.Android.csproj", "{462C9E46-2F89-42F2-8BD7-514F7D0DF984}"
EndProject
Project("{FAE04EC0-301F-11D3-BF4B-00C04F79EFBC}") = "RealmApp.iOS", "RealmApp\RealmApp.iOS\RealmApp.iOS.csproj", "{50A8950C-419D-474E-BA37-2D754097DD55}"
EndProject
Project("{FAE04EC0-301F-11D3-BF4B-00C04F79EFBC}") = "RealmApp.UWP", "RealmApp\RealmApp.UWP\RealmApp.UWP.csproj", "{B65000BC-D584-40C2-8A66-CBDA127FC17E}"
EndProject
Global
	GlobalSection(SolutionConfigurationPlatforms) = preSolution
		Ad-Hoc|Any CPU = Ad-Hoc|Any CPU
		Ad-Hoc|ARM = Ad-Hoc|ARM
		Ad-Hoc|iPhone = Ad-Hoc|iPhone
		Ad-Hoc|iPhoneSimulator = Ad-Hoc|iPhoneSimulator
		Ad-Hoc|x64 = Ad-Hoc|x64
		Ad-Hoc|x86 = Ad-Hoc|x86
		AppStore|Any CPU = AppStore|Any CPU
		AppStore|ARM = AppStore|ARM
		AppStore|iPhone = AppStore|iPhone
		AppStore|iPhoneSimulator = AppStore|iPhoneSimulator
		AppStore|x64 = AppStore|x64
		AppStore|x86 = AppStore|x86
		Debug|Any CPU = Debug|Any CPU
		Debug|ARM = Debug|ARM
		Debug|iPhone = Debug|iPhone
		Debug|iPhoneSimulator = Debug|iPhoneSimulator
		Debug|x64 = Debug|x64
		Debug|x86 = Debug|x86
		Release|Any CPU = Release|Any CPU
		Release|ARM = Release|ARM
		Release|iPhone = Release|iPhone
		Release|iPhoneSimulator = Release|iPhoneSimulator
		Release|x64 = Release|x64
		Release|x86 = Release|x86
	EndGlobalSection
	GlobalSection(ProjectConfigurationPlatforms) = postSolution
		{4897FAAB-BD70-477A-AE3D-2B5F11329B46}.Ad-Hoc|Any CPU.ActiveCfg = Debug|Any CPU
		{4897FAAB-BD70-477A-AE3D-2B5F11329B46}.Ad-Hoc|Any CPU.Build.0 = Debug|Any CPU
		{4897FAAB-BD70-477A-AE3D-2B5F11329B46}.Ad-Hoc|ARM.ActiveCfg = Debug|Any CPU
		{4897FAAB-BD70-477A-AE3D-2B5F11329B46}.Ad-Hoc|ARM.Build.0 = Debug|Any CPU
		{4897FAAB-BD70-477A-AE3D-2B5F11329B46}.Ad-Hoc|iPhone.ActiveCfg = Debug|Any CPU
		{4897FAAB-BD70-477A-AE3D-2B5F11329B46}.Ad-Hoc|iPhone.Build.0 = Debug|Any CPU
		{4897FAAB-BD70-477A-AE3D-2B5F11329B46}.Ad-Hoc|iPhoneSimulator.ActiveCfg = Debug|Any CPU
		{4897FAAB-BD70-477A-AE3D-2B5F11329B46}.Ad-Hoc|iPhoneSimulator.Build.0 = Debug|Any CPU
		{4897FAAB-BD70-477A-AE3D-2B5F11329B46}.Ad-Hoc|x64.ActiveCfg = Debug|Any CPU
		{4897FAAB-BD70-477A-AE3D-2B5F11329B46}.Ad-Hoc|x64.Build.0 = Debug|Any CPU
		{4897FAAB-BD70-477A-AE3D-2B5F11329B46}.Ad-Hoc|x86.ActiveCfg = Debug|Any CPU
		{4897FAAB-BD70-477A-AE3D-2B5F11329B46}.Ad-Hoc|x86.Build.0 = Debug|Any CPU
		{4897FAAB-BD70-477A-AE3D-2B5F11329B46}.AppStore|Any CPU.ActiveCfg = Debug|Any CPU
		{4897FAAB-BD70-477A-AE3D-2B5F11329B46}.AppStore|Any CPU.Build.0 = Debug|Any CPU
		{4897FAAB-BD70-477A-AE3D-2B5F11329B46}.AppStore|ARM.ActiveCfg = Debug|Any CPU
		{4897FAAB-BD70-477A-AE3D-2B5F11329B46}.AppStore|ARM.Build.0 = Debug|Any CPU
		{4897FAAB-BD70-477A-AE3D-2B5F11329B46}.AppStore|iPhone.ActiveCfg = Debug|Any CPU
		{4897FAAB-BD70-477A-AE3D-2B5F11329B46}.AppStore|iPhone.Build.0 = Debug|Any CPU
		{4897FAAB-BD70-477A-AE3D-2B5F11329B46}.AppStore|iPhoneSimulator.ActiveCfg = Debug|Any CPU
		{4897FAAB-BD70-477A-AE3D-2B5F11329B46}.AppStore|iPhoneSimulator.Build.0 = Debug|Any CPU
		{4897FAAB-BD70-477A-AE3D-2B5F11329B46}.AppStore|x64.ActiveCfg = Debug|Any CPU
		{4897FAAB-BD70-477A-AE3D-2B5F11329B46}.AppStore|x64.Build.0 = Debug|Any CPU
		{4897FAAB-BD70-477A-AE3D-2B5F11329B46}.AppStore|x86.ActiveCfg = Debug|Any CPU
		{4897FAAB-BD70-477A-AE3D-2B5F11329B46}.AppStore|x86.Build.0 = Debug|Any CPU
		{4897FAAB-BD70-477A-AE3D-2B5F11329B46}.Debug|Any CPU.ActiveCfg = Debug|Any CPU
		{4897FAAB-BD70-477A-AE3D-2B5F11329B46}.Debug|Any CPU.Build.0 = Debug|Any CPU
		{4897FAAB-BD70-477A-AE3D-2B5F11329B46}.Debug|ARM.ActiveCfg = Debug|Any CPU
		{4897FAAB-BD70-477A-AE3D-2B5F11329B46}.Debug|ARM.Build.0 = Debug|Any CPU
		{4897FAAB-BD70-477A-AE3D-2B5F11329B46}.Debug|iPhone.ActiveCfg = Debug|Any CPU
		{4897FAAB-BD70-477A-AE3D-2B5F11329B46}.Debug|iPhone.Build.0 = Debug|Any CPU
		{4897FAAB-BD70-477A-AE3D-2B5F11329B46}.Debug|iPhoneSimulator.ActiveCfg = Debug|Any CPU
		{4897FAAB-BD70-477A-AE3D-2B5F11329B46}.Debug|iPhoneSimulator.Build.0 = Debug|Any CPU
		{4897FAAB-BD70-477A-AE3D-2B5F11329B46}.Debug|x64.ActiveCfg = Debug|Any CPU
		{4897FAAB-BD70-477A-AE3D-2B5F11329B46}.Debug|x64.Build.0 = Debug|Any CPU
		{4897FAAB-BD70-477A-AE3D-2B5F11329B46}.Debug|x86.ActiveCfg = Debug|Any CPU
		{4897FAAB-BD70-477A-AE3D-2B5F11329B46}.Debug|x86.Build.0 = Debug|Any CPU
		{4897FAAB-BD70-477A-AE3D-2B5F11329B46}.Release|Any CPU.ActiveCfg = Release|Any CPU
		{4897FAAB-BD70-477A-AE3D-2B5F11329B46}.Release|Any CPU.Build.0 = Release|Any CPU
		{4897FAAB-BD70-477A-AE3D-2B5F11329B46}.Release|ARM.ActiveCfg = Release|Any CPU
		{4897FAAB-BD70-477A-AE3D-2B5F11329B46}.Release|ARM.Build.0 = Release|Any CPU
		{4897FAAB-BD70-477A-AE3D-2B5F11329B46}.Release|iPhone.ActiveCfg = Release|Any CPU
		{4897FAAB-BD70-477A-AE3D-2B5F11329B46}.Release|iPhone.Build.0 = Release|Any CPU
		{4897FAAB-BD70-477A-AE3D-2B5F11329B46}.Release|iPhoneSimulator.ActiveCfg = Release|Any CPU
		{4897FAAB-BD70-477A-AE3D-2B5F11329B46}.Release|iPhoneSimulator.Build.0 = Release|Any CPU
		{4897FAAB-BD70-477A-AE3D-2B5F11329B46}.Release|x64.ActiveCfg = Release|Any CPU
		{4897FAAB-BD70-477A-AE3D-2B5F11329B46}.Release|x64.Build.0 = Release|Any CPU
		{4897FAAB-BD70-477A-AE3D-2B5F11329B46}.Release|x86.ActiveCfg = Release|Any CPU
		{4897FAAB-BD70-477A-AE3D-2B5F11329B46}.Release|x86.Build.0 = Release|Any CPU
		{462C9E46-2F89-42F2-8BD7-514F7D0DF984}.Ad-Hoc|Any CPU.ActiveCfg = Release|Any CPU
		{462C9E46-2F89-42F2-8BD7-514F7D0DF984}.Ad-Hoc|Any CPU.Build.0 = Release|Any CPU
		{462C9E46-2F89-42F2-8BD7-514F7D0DF984}.Ad-Hoc|Any CPU.Deploy.0 = Release|Any CPU
		{462C9E46-2F89-42F2-8BD7-514F7D0DF984}.Ad-Hoc|ARM.ActiveCfg = Release|Any CPU
		{462C9E46-2F89-42F2-8BD7-514F7D0DF984}.Ad-Hoc|ARM.Build.0 = Release|Any CPU
		{462C9E46-2F89-42F2-8BD7-514F7D0DF984}.Ad-Hoc|ARM.Deploy.0 = Release|Any CPU
		{462C9E46-2F89-42F2-8BD7-514F7D0DF984}.Ad-Hoc|iPhone.ActiveCfg = Release|Any CPU
		{462C9E46-2F89-42F2-8BD7-514F7D0DF984}.Ad-Hoc|iPhone.Build.0 = Release|Any CPU
		{462C9E46-2F89-42F2-8BD7-514F7D0DF984}.Ad-Hoc|iPhone.Deploy.0 = Release|Any CPU
		{462C9E46-2F89-42F2-8BD7-514F7D0DF984}.Ad-Hoc|iPhoneSimulator.ActiveCfg = Release|Any CPU
		{462C9E46-2F89-42F2-8BD7-514F7D0DF984}.Ad-Hoc|iPhoneSimulator.Build.0 = Release|Any CPU
		{462C9E46-2F89-42F2-8BD7-514F7D0DF984}.Ad-Hoc|iPhoneSimulator.Deploy.0 = Release|Any CPU
		{462C9E46-2F89-42F2-8BD7-514F7D0DF984}.Ad-Hoc|x64.ActiveCfg = Release|Any CPU
		{462C9E46-2F89-42F2-8BD7-514F7D0DF984}.Ad-Hoc|x64.Build.0 = Release|Any CPU
		{462C9E46-2F89-42F2-8BD7-514F7D0DF984}.Ad-Hoc|x64.Deploy.0 = Release|Any CPU
		{462C9E46-2F89-42F2-8BD7-514F7D0DF984}.Ad-Hoc|x86.ActiveCfg = Release|Any CPU
		{462C9E46-2F89-42F2-8BD7-514F7D0DF984}.Ad-Hoc|x86.Build.0 = Release|Any CPU
		{462C9E46-2F89-42F2-8BD7-514F7D0DF984}.Ad-Hoc|x86.Deploy.0 = Release|Any CPU
		{462C9E46-2F89-42F2-8BD7-514F7D0DF984}.AppStore|Any CPU.ActiveCfg = Release|Any CPU
		{462C9E46-2F89-42F2-8BD7-514F7D0DF984}.AppStore|Any CPU.Build.0 = Release|Any CPU
		{462C9E46-2F89-42F2-8BD7-514F7D0DF984}.AppStore|Any CPU.Deploy.0 = Release|Any CPU
		{462C9E46-2F89-42F2-8BD7-514F7D0DF984}.AppStore|ARM.ActiveCfg = Release|Any CPU
		{462C9E46-2F89-42F2-8BD7-514F7D0DF984}.AppStore|ARM.Build.0 = Release|Any CPU
		{462C9E46-2F89-42F2-8BD7-514F7D0DF984}.AppStore|ARM.Deploy.0 = Release|Any CPU
		{462C9E46-2F89-42F2-8BD7-514F7D0DF984}.AppStore|iPhone.ActiveCfg = Release|Any CPU
		{462C9E46-2F89-42F2-8BD7-514F7D0DF984}.AppStore|iPhone.Build.0 = Release|Any CPU
		{462C9E46-2F89-42F2-8BD7-514F7D0DF984}.AppStore|iPhone.Deploy.0 = Release|Any CPU
		{462C9E46-2F89-42F2-8BD7-514F7D0DF984}.AppStore|iPhoneSimulator.ActiveCfg = Release|Any CPU
		{462C9E46-2F89-42F2-8BD7-514F7D0DF984}.AppStore|iPhoneSimulator.Build.0 = Release|Any CPU
		{462C9E46-2F89-42F2-8BD7-514F7D0DF984}.AppStore|iPhoneSimulator.Deploy.0 = Release|Any CPU
		{462C9E46-2F89-42F2-8BD7-514F7D0DF984}.AppStore|x64.ActiveCfg = Release|Any CPU
		{462C9E46-2F89-42F2-8BD7-514F7D0DF984}.AppStore|x64.Build.0 = Release|Any CPU
		{462C9E46-2F89-42F2-8BD7-514F7D0DF984}.AppStore|x64.Deploy.0 = Release|Any CPU
		{462C9E46-2F89-42F2-8BD7-514F7D0DF984}.AppStore|x86.ActiveCfg = Release|Any CPU
		{462C9E46-2F89-42F2-8BD7-514F7D0DF984}.AppStore|x86.Build.0 = Release|Any CPU
		{462C9E46-2F89-42F2-8BD7-514F7D0DF984}.AppStore|x86.Deploy.0 = Release|Any CPU
		{462C9E46-2F89-42F2-8BD7-514F7D0DF984}.Debug|Any CPU.ActiveCfg = Debug|Any CPU
		{462C9E46-2F89-42F2-8BD7-514F7D0DF984}.Debug|Any CPU.Build.0 = Debug|Any CPU
		{462C9E46-2F89-42F2-8BD7-514F7D0DF984}.Debug|Any CPU.Deploy.0 = Debug|Any CPU
		{462C9E46-2F89-42F2-8BD7-514F7D0DF984}.Debug|ARM.ActiveCfg = Debug|Any CPU
		{462C9E46-2F89-42F2-8BD7-514F7D0DF984}.Debug|ARM.Build.0 = Debug|Any CPU
		{462C9E46-2F89-42F2-8BD7-514F7D0DF984}.Debug|ARM.Deploy.0 = Debug|Any CPU
		{462C9E46-2F89-42F2-8BD7-514F7D0DF984}.Debug|iPhone.ActiveCfg = Debug|Any CPU
		{462C9E46-2F89-42F2-8BD7-514F7D0DF984}.Debug|iPhone.Build.0 = Debug|Any CPU
		{462C9E46-2F89-42F2-8BD7-514F7D0DF984}.Debug|iPhone.Deploy.0 = Debug|Any CPU
		{462C9E46-2F89-42F2-8BD7-514F7D0DF984}.Debug|iPhoneSimulator.ActiveCfg = Debug|Any CPU
		{462C9E46-2F89-42F2-8BD7-514F7D0DF984}.Debug|iPhoneSimulator.Build.0 = Debug|Any CPU
		{462C9E46-2F89-42F2-8BD7-514F7D0DF984}.Debug|iPhoneSimulator.Deploy.0 = Debug|Any CPU
		{462C9E46-2F89-42F2-8BD7-514F7D0DF984}.Debug|x64.ActiveCfg = Debug|Any CPU
		{462C9E46-2F89-42F2-8BD7-514F7D0DF984}.Debug|x64.Build.0 = Debug|Any CPU
		{462C9E46-2F89-42F2-8BD7-514F7D0DF984}.Debug|x64.Deploy.0 = Debug|Any CPU
		{462C9E46-2F89-42F2-8BD7-514F7D0DF984}.Debug|x86.ActiveCfg = Debug|Any CPU
		{462C9E46-2F89-42F2-8BD7-514F7D0DF984}.Debug|x86.Build.0 = Debug|Any CPU
		{462C9E46-2F89-42F2-8BD7-514F7D0DF984}.Debug|x86.Deploy.0 = Debug|Any CPU
		{462C9E46-2F89-42F2-8BD7-514F7D0DF984}.Release|Any CPU.ActiveCfg = Release|Any CPU
		{462C9E46-2F89-42F2-8BD7-514F7D0DF984}.Release|Any CPU.Build.0 = Release|Any CPU
		{462C9E46-2F89-42F2-8BD7-514F7D0DF984}.Release|Any CPU.Deploy.0 = Release|Any CPU
		{462C9E46-2F89-42F2-8BD7-514F7D0DF984}.Release|ARM.ActiveCfg = Release|Any CPU
		{462C9E46-2F89-42F2-8BD7-514F7D0DF984}.Release|ARM.Build.0 = Release|Any CPU
		{462C9E46-2F89-42F2-8BD7-514F7D0DF984}.Release|ARM.Deploy.0 = Release|Any CPU
		{462C9E46-2F89-42F2-8BD7-514F7D0DF984}.Release|iPhone.ActiveCfg = Release|Any CPU
		{462C9E46-2F89-42F2-8BD7-514F7D0DF984}.Release|iPhone.Build.0 = Release|Any CPU
		{462C9E46-2F89-42F2-8BD7-514F7D0DF984}.Release|iPhone.Deploy.0 = Release|Any CPU
		{462C9E46-2F89-42F2-8BD7-514F7D0DF984}.Release|iPhoneSimulator.ActiveCfg = Release|Any CPU
		{462C9E46-2F89-42F2-8BD7-514F7D0DF984}.Release|iPhoneSimulator.Build.0 = Release|Any CPU
		{462C9E46-2F89-42F2-8BD7-514F7D0DF984}.Release|iPhoneSimulator.Deploy.0 = Release|Any CPU
		{462C9E46-2F89-42F2-8BD7-514F7D0DF984}.Release|x64.ActiveCfg = Release|Any CPU
		{462C9E46-2F89-42F2-8BD7-514F7D0DF984}.Release|x64.Build.0 = Release|Any CPU
		{462C9E46-2F89-42F2-8BD7-514F7D0DF984}.Release|x64.Deploy.0 = Release|Any CPU
		{462C9E46-2F89-42F2-8BD7-514F7D0DF984}.Release|x86.ActiveCfg = Release|Any CPU
		{462C9E46-2F89-42F2-8BD7-514F7D0DF984}.Release|x86.Build.0 = Release|Any CPU
		{462C9E46-2F89-42F2-8BD7-514F7D0DF984}.Release|x86.Deploy.0 = Release|Any CPU
		{50A8950C-419D-474E-BA37-2D754097DD55}.Ad-Hoc|Any CPU.ActiveCfg = Ad-Hoc|iPhone
		{50A8950C-419D-474E-BA37-2D754097DD55}.Ad-Hoc|ARM.ActiveCfg = Ad-Hoc|iPhone
		{50A8950C-419D-474E-BA37-2D754097DD55}.Ad-Hoc|iPhone.ActiveCfg = Ad-Hoc|iPhone
		{50A8950C-419D-474E-BA37-2D754097DD55}.Ad-Hoc|iPhone.Build.0 = Ad-Hoc|iPhone
		{50A8950C-419D-474E-BA37-2D754097DD55}.Ad-Hoc|iPhoneSimulator.ActiveCfg = Ad-Hoc|iPhoneSimulator
		{50A8950C-419D-474E-BA37-2D754097DD55}.Ad-Hoc|iPhoneSimulator.Build.0 = Ad-Hoc|iPhoneSimulator
		{50A8950C-419D-474E-BA37-2D754097DD55}.Ad-Hoc|x64.ActiveCfg = Ad-Hoc|iPhone
		{50A8950C-419D-474E-BA37-2D754097DD55}.Ad-Hoc|x86.ActiveCfg = Ad-Hoc|iPhone
		{50A8950C-419D-474E-BA37-2D754097DD55}.AppStore|Any CPU.ActiveCfg = AppStore|iPhone
		{50A8950C-419D-474E-BA37-2D754097DD55}.AppStore|ARM.ActiveCfg = AppStore|iPhone
		{50A8950C-419D-474E-BA37-2D754097DD55}.AppStore|iPhone.ActiveCfg = AppStore|iPhone
		{50A8950C-419D-474E-BA37-2D754097DD55}.AppStore|iPhone.Build.0 = AppStore|iPhone
		{50A8950C-419D-474E-BA37-2D754097DD55}.AppStore|iPhoneSimulator.ActiveCfg = AppStore|iPhoneSimulator
		{50A8950C-419D-474E-BA37-2D754097DD55}.AppStore|iPhoneSimulator.Build.0 = AppStore|iPhoneSimulator
		{50A8950C-419D-474E-BA37-2D754097DD55}.AppStore|x64.ActiveCfg = AppStore|iPhone
		{50A8950C-419D-474E-BA37-2D754097DD55}.AppStore|x86.ActiveCfg = AppStore|iPhone
		{50A8950C-419D-474E-BA37-2D754097DD55}.Debug|Any CPU.ActiveCfg = Debug|iPhone
		{50A8950C-419D-474E-BA37-2D754097DD55}.Debug|ARM.ActiveCfg = Debug|iPhone
		{50A8950C-419D-474E-BA37-2D754097DD55}.Debug|iPhone.ActiveCfg = Debug|iPhone
		{50A8950C-419D-474E-BA37-2D754097DD55}.Debug|iPhone.Build.0 = Debug|iPhone
		{50A8950C-419D-474E-BA37-2D754097DD55}.Debug|iPhoneSimulator.ActiveCfg = Debug|iPhoneSimulator
		{50A8950C-419D-474E-BA37-2D754097DD55}.Debug|iPhoneSimulator.Build.0 = Debug|iPhoneSimulator
		{50A8950C-419D-474E-BA37-2D754097DD55}.Debug|x64.ActiveCfg = Debug|iPhone
		{50A8950C-419D-474E-BA37-2D754097DD55}.Debug|x86.ActiveCfg = Debug|iPhone
		{50A8950C-419D-474E-BA37-2D754097DD55}.Release|Any CPU.ActiveCfg = Release|iPhone
		{50A8950C-419D-474E-BA37-2D754097DD55}.Release|ARM.ActiveCfg = Release|iPhone
		{50A8950C-419D-474E-BA37-2D754097DD55}.Release|iPhone.ActiveCfg = Release|iPhone
		{50A8950C-419D-474E-BA37-2D754097DD55}.Release|iPhone.Build.0 = Release|iPhone
		{50A8950C-419D-474E-BA37-2D754097DD55}.Release|iPhoneSimulator.ActiveCfg = Release|iPhoneSimulator
		{50A8950C-419D-474E-BA37-2D754097DD55}.Release|iPhoneSimulator.Build.0 = Release|iPhoneSimulator
		{50A8950C-419D-474E-BA37-2D754097DD55}.Release|x64.ActiveCfg = Release|iPhone
		{50A8950C-419D-474E-BA37-2D754097DD55}.Release|x86.ActiveCfg = Release|iPhone
		{B65000BC-D584-40C2-8A66-CBDA127FC17E}.Ad-Hoc|Any CPU.ActiveCfg = Release|x86
		{B65000BC-D584-40C2-8A66-CBDA127FC17E}.Ad-Hoc|Any CPU.Build.0 = Release|x86
		{B65000BC-D584-40C2-8A66-CBDA127FC17E}.Ad-Hoc|Any CPU.Deploy.0 = Release|x86
		{B65000BC-D584-40C2-8A66-CBDA127FC17E}.Ad-Hoc|ARM.ActiveCfg = Release|ARM
		{B65000BC-D584-40C2-8A66-CBDA127FC17E}.Ad-Hoc|ARM.Build.0 = Release|ARM
		{B65000BC-D584-40C2-8A66-CBDA127FC17E}.Ad-Hoc|ARM.Deploy.0 = Release|ARM
		{B65000BC-D584-40C2-8A66-CBDA127FC17E}.Ad-Hoc|iPhone.ActiveCfg = Release|x86
		{B65000BC-D584-40C2-8A66-CBDA127FC17E}.Ad-Hoc|iPhone.Build.0 = Release|x86
		{B65000BC-D584-40C2-8A66-CBDA127FC17E}.Ad-Hoc|iPhone.Deploy.0 = Release|x86
		{B65000BC-D584-40C2-8A66-CBDA127FC17E}.Ad-Hoc|iPhoneSimulator.ActiveCfg = Release|x86
		{B65000BC-D584-40C2-8A66-CBDA127FC17E}.Ad-Hoc|iPhoneSimulator.Build.0 = Release|x86
		{B65000BC-D584-40C2-8A66-CBDA127FC17E}.Ad-Hoc|iPhoneSimulator.Deploy.0 = Release|x86
		{B65000BC-D584-40C2-8A66-CBDA127FC17E}.Ad-Hoc|x64.ActiveCfg = Release|x64
		{B65000BC-D584-40C2-8A66-CBDA127FC17E}.Ad-Hoc|x64.Build.0 = Release|x64
		{B65000BC-D584-40C2-8A66-CBDA127FC17E}.Ad-Hoc|x64.Deploy.0 = Release|x64
		{B65000BC-D584-40C2-8A66-CBDA127FC17E}.Ad-Hoc|x86.ActiveCfg = Release|x86
		{B65000BC-D584-40C2-8A66-CBDA127FC17E}.Ad-Hoc|x86.Build.0 = Release|x86
		{B65000BC-D584-40C2-8A66-CBDA127FC17E}.Ad-Hoc|x86.Deploy.0 = Release|x86
		{B65000BC-D584-40C2-8A66-CBDA127FC17E}.AppStore|Any CPU.ActiveCfg = Release|x86
		{B65000BC-D584-40C2-8A66-CBDA127FC17E}.AppStore|Any CPU.Build.0 = Release|x86
		{B65000BC-D584-40C2-8A66-CBDA127FC17E}.AppStore|Any CPU.Deploy.0 = Release|x86
		{B65000BC-D584-40C2-8A66-CBDA127FC17E}.AppStore|ARM.ActiveCfg = Release|ARM
		{B65000BC-D584-40C2-8A66-CBDA127FC17E}.AppStore|ARM.Build.0 = Release|ARM
		{B65000BC-D584-40C2-8A66-CBDA127FC17E}.AppStore|ARM.Deploy.0 = Release|ARM
		{B65000BC-D584-40C2-8A66-CBDA127FC17E}.AppStore|iPhone.ActiveCfg = Release|x86
		{B65000BC-D584-40C2-8A66-CBDA127FC17E}.AppStore|iPhone.Build.0 = Release|x86
		{B65000BC-D584-40C2-8A66-CBDA127FC17E}.AppStore|iPhone.Deploy.0 = Release|x86
		{B65000BC-D584-40C2-8A66-CBDA127FC17E}.AppStore|iPhoneSimulator.ActiveCfg = Release|x86
		{B65000BC-D584-40C2-8A66-CBDA127FC17E}.AppStore|iPhoneSimulator.Build.0 = Release|x86
		{B65000BC-D584-40C2-8A66-CBDA127FC17E}.AppStore|iPhoneSimulator.Deploy.0 = Release|x86
		{B65000BC-D584-40C2-8A66-CBDA127FC17E}.AppStore|x64.ActiveCfg = Release|x64
		{B65000BC-D584-40C2-8A66-CBDA127FC17E}.AppStore|x64.Build.0 = Release|x64
		{B65000BC-D584-40C2-8A66-CBDA127FC17E}.AppStore|x64.Deploy.0 = Release|x64
		{B65000BC-D584-40C2-8A66-CBDA127FC17E}.AppStore|x86.ActiveCfg = Release|x86
		{B65000BC-D584-40C2-8A66-CBDA127FC17E}.AppStore|x86.Build.0 = Release|x86
		{B65000BC-D584-40C2-8A66-CBDA127FC17E}.AppStore|x86.Deploy.0 = Release|x86
		{B65000BC-D584-40C2-8A66-CBDA127FC17E}.Debug|Any CPU.ActiveCfg = Debug|x86
		{B65000BC-D584-40C2-8A66-CBDA127FC17E}.Debug|ARM.ActiveCfg = Debug|ARM
		{B65000BC-D584-40C2-8A66-CBDA127FC17E}.Debug|ARM.Build.0 = Debug|ARM
		{B65000BC-D584-40C2-8A66-CBDA127FC17E}.Debug|ARM.Deploy.0 = Debug|ARM
		{B65000BC-D584-40C2-8A66-CBDA127FC17E}.Debug|iPhone.ActiveCfg = Debug|x86
		{B65000BC-D584-40C2-8A66-CBDA127FC17E}.Debug|iPhoneSimulator.ActiveCfg = Debug|x86
		{B65000BC-D584-40C2-8A66-CBDA127FC17E}.Debug|x64.ActiveCfg = Debug|x64
		{B65000BC-D584-40C2-8A66-CBDA127FC17E}.Debug|x64.Build.0 = Debug|x64
		{B65000BC-D584-40C2-8A66-CBDA127FC17E}.Debug|x64.Deploy.0 = Debug|x64
		{B65000BC-D584-40C2-8A66-CBDA127FC17E}.Debug|x86.ActiveCfg = Debug|x86
		{B65000BC-D584-40C2-8A66-CBDA127FC17E}.Debug|x86.Build.0 = Debug|x86
		{B65000BC-D584-40C2-8A66-CBDA127FC17E}.Debug|x86.Deploy.0 = Debug|x86
		{B65000BC-D584-40C2-8A66-CBDA127FC17E}.Release|Any CPU.ActiveCfg = Release|x86
		{B65000BC-D584-40C2-8A66-CBDA127FC17E}.Release|ARM.ActiveCfg = Release|ARM
		{B65000BC-D584-40C2-8A66-CBDA127FC17E}.Release|ARM.Build.0 = Release|ARM
		{B65000BC-D584-40C2-8A66-CBDA127FC17E}.Release|ARM.Deploy.0 = Release|ARM
		{B65000BC-D584-40C2-8A66-CBDA127FC17E}.Release|iPhone.ActiveCfg = Release|x86
		{B65000BC-D584-40C2-8A66-CBDA127FC17E}.Release|iPhoneSimulator.ActiveCfg = Release|x86
		{B65000BC-D584-40C2-8A66-CBDA127FC17E}.Release|x64.ActiveCfg = Release|x64
		{B65000BC-D584-40C2-8A66-CBDA127FC17E}.Release|x64.Build.0 = Release|x64
		{B65000BC-D584-40C2-8A66-CBDA127FC17E}.Release|x64.Deploy.0 = Release|x64
		{B65000BC-D584-40C2-8A66-CBDA127FC17E}.Release|x86.ActiveCfg = Release|x86
		{B65000BC-D584-40C2-8A66-CBDA127FC17E}.Release|x86.Build.0 = Release|x86
		{B65000BC-D584-40C2-8A66-CBDA127FC17E}.Release|x86.Deploy.0 = Release|x86
	EndGlobalSection
	GlobalSection(SolutionProperties) = preSolution
		HideSolutionNode = FALSE
	EndGlobalSection
	GlobalSection(ExtensibilityGlobals) = postSolution
		SolutionGuid = {DEDCD560-D988-47AE-8945-C8394C7294D5}
	EndGlobalSection
EndGlobal
